
Microsoft Visual Studio Solution File, Format Version 12.00
# Visual Studio 15
VisualStudioVersion = 15.0.26124.0
MinimumVisualStudioVersion = 15.0.26124.0
Project("{FAE04EC0-301F-11D3-BF4B-00C04F79EFBC}") = "Diffstore", "Diffstore\Diffstore.csproj", "{AF77EFAC-A17B-4FF5-8CD3-C85086974745}"
EndProject
Project("{FAE04EC0-301F-11D3-BF4B-00C04F79EFBC}") = "Diffstore.Tests", "Diffstore.Tests\Diffstore.Tests.csproj", "{A17C15A7-5B81-4DFE-B655-E83A5A88402D}"
EndProject
Project("{FAE04EC0-301F-11D3-BF4B-00C04F79EFBC}") = "Diffstore.Benchmark", "Diffstore.Benchmark\Diffstore.Benchmark.csproj", "{79B3FBE2-3969-4A08-9A58-175553E006A0}"
EndProject
Global
	GlobalSection(SolutionConfigurationPlatforms) = preSolution
		Debug|Any CPU = Debug|Any CPU
		Debug|x64 = Debug|x64
		Debug|x86 = Debug|x86
		Release|Any CPU = Release|Any CPU
		Release|x64 = Release|x64
		Release|x86 = Release|x86
	EndGlobalSection
	GlobalSection(SolutionProperties) = preSolution
		HideSolutionNode = FALSE
	EndGlobalSection
	GlobalSection(ProjectConfigurationPlatforms) = postSolution
		{AF77EFAC-A17B-4FF5-8CD3-C85086974745}.Debug|Any CPU.ActiveCfg = Debug|Any CPU
		{AF77EFAC-A17B-4FF5-8CD3-C85086974745}.Debug|Any CPU.Build.0 = Debug|Any CPU
		{AF77EFAC-A17B-4FF5-8CD3-C85086974745}.Debug|x64.ActiveCfg = Debug|x64
		{AF77EFAC-A17B-4FF5-8CD3-C85086974745}.Debug|x64.Build.0 = Debug|x64
		{AF77EFAC-A17B-4FF5-8CD3-C85086974745}.Debug|x86.ActiveCfg = Debug|x86
		{AF77EFAC-A17B-4FF5-8CD3-C85086974745}.Debug|x86.Build.0 = Debug|x86
		{AF77EFAC-A17B-4FF5-8CD3-C85086974745}.Release|Any CPU.ActiveCfg = Release|Any CPU
		{AF77EFAC-A17B-4FF5-8CD3-C85086974745}.Release|Any CPU.Build.0 = Release|Any CPU
		{AF77EFAC-A17B-4FF5-8CD3-C85086974745}.Release|x64.ActiveCfg = Release|x64
		{AF77EFAC-A17B-4FF5-8CD3-C85086974745}.Release|x64.Build.0 = Release|x64
		{AF77EFAC-A17B-4FF5-8CD3-C85086974745}.Release|x86.ActiveCfg = Release|x86
		{AF77EFAC-A17B-4FF5-8CD3-C85086974745}.Release|x86.Build.0 = Release|x86
		{A17C15A7-5B81-4DFE-B655-E83A5A88402D}.Debug|Any CPU.ActiveCfg = Debug|Any CPU
		{A17C15A7-5B81-4DFE-B655-E83A5A88402D}.Debug|Any CPU.Build.0 = Debug|Any CPU
		{A17C15A7-5B81-4DFE-B655-E83A5A88402D}.Debug|x64.ActiveCfg = Debug|x64
		{A17C15A7-5B81-4DFE-B655-E83A5A88402D}.Debug|x64.Build.0 = Debug|x64
		{A17C15A7-5B81-4DFE-B655-E83A5A88402D}.Debug|x86.ActiveCfg = Debug|x86
		{A17C15A7-5B81-4DFE-B655-E83A5A88402D}.Debug|x86.Build.0 = Debug|x86
		{A17C15A7-5B81-4DFE-B655-E83A5A88402D}.Release|Any CPU.ActiveCfg = Release|Any CPU
		{A17C15A7-5B81-4DFE-B655-E83A5A88402D}.Release|Any CPU.Build.0 = Release|Any CPU
		{A17C15A7-5B81-4DFE-B655-E83A5A88402D}.Release|x64.ActiveCfg = Release|x64
		{A17C15A7-5B81-4DFE-B655-E83A5A88402D}.Release|x64.Build.0 = Release|x64
		{A17C15A7-5B81-4DFE-B655-E83A5A88402D}.Release|x86.ActiveCfg = Release|x86
		{A17C15A7-5B81-4DFE-B655-E83A5A88402D}.Release|x86.Build.0 = Release|x86
		{79B3FBE2-3969-4A08-9A58-175553E006A0}.Debug|Any CPU.ActiveCfg = Debug|Any CPU
		{79B3FBE2-3969-4A08-9A58-175553E006A0}.Debug|Any CPU.Build.0 = Debug|Any CPU
		{79B3FBE2-3969-4A08-9A58-175553E006A0}.Debug|x64.ActiveCfg = Debug|x64
		{79B3FBE2-3969-4A08-9A58-175553E006A0}.Debug|x64.Build.0 = Debug|x64
		{79B3FBE2-3969-4A08-9A58-175553E006A0}.Debug|x86.ActiveCfg = Debug|x86
		{79B3FBE2-3969-4A08-9A58-175553E006A0}.Debug|x86.Build.0 = Debug|x86
		{79B3FBE2-3969-4A08-9A58-175553E006A0}.Release|Any CPU.ActiveCfg = Release|Any CPU
		{79B3FBE2-3969-4A08-9A58-175553E006A0}.Release|Any CPU.Build.0 = Release|Any CPU
		{79B3FBE2-3969-4A08-9A58-175553E006A0}.Release|x64.ActiveCfg = Release|x64
		{79B3FBE2-3969-4A08-9A58-175553E006A0}.Release|x64.Build.0 = Release|x64
		{79B3FBE2-3969-4A08-9A58-175553E006A0}.Release|x86.ActiveCfg = Release|x86
		{79B3FBE2-3969-4A08-9A58-175553E006A0}.Release|x86.Build.0 = Release|x86
	EndGlobalSection
EndGlobal
